Microsoft Visual Studio Solution File, Format Version 12.00
# Visual Studio Version 17
VisualStudioVersion = 17.5.2.0
MinimumVisualStudioVersion = 10.0.40219.1
Project("{FAE04EC0-301F-11D3-BF4B-00C04F79EFBC}") = "ArtGalleryWebsite", "ArtGalleryWebsite.csproj", "{3191C1B9-658C-CCF9-73BA-C274B78C66A0}"
EndProject
Global
	GlobalSection(SolutionConfigurationPlatforms) = preSolution
		Debug|Any CPU = Debug|Any CPU
		Release|Any CPU = Release|Any CPU
	EndGlobalSection
	GlobalSection(ProjectConfigurationPlatforms) = postSolution
		{3191C1B9-658C-CCF9-73BA-C274B78C66A0}.Debug|Any CPU.ActiveCfg = Debug|Any CPU
		{3191C1B9-658C-CCF9-73BA-C274B78C66A0}.Debug|Any CPU.Build.0 = Debug|Any CPU
		{3191C1B9-658C-CCF9-73BA-C274B78C66A0}.Release|Any CPU.ActiveCfg = Release|Any CPU
		{3191C1B9-658C-CCF9-73BA-C274B78C66A0}.Release|Any CPU.Build.0 = Release|Any CPU
	EndGlobalSection
	GlobalSection(SolutionProperties) = preSolution
		HideSolutionNode = FALSE
	EndGlobalSection
	GlobalSection(ExtensibilityGlobals) = postSolution
		SolutionGuid = {20353E5B-4864-4901-888E-07AD0A9FA445}
	EndGlobalSection
EndGlobal
